
Microsoft Visual Studio Solution File, Format Version 12.00
# Visual Studio 15
VisualStudioVersion = 15.0.27428.2027
MinimumVisualStudioVersion = 10.0.40219.1
Project("{FAE04EC0-301F-11D3-BF4B-00C04F79EFBC}") = "GTMusicPlayer", "GTMusicPlayer.csproj", "{AEB6F5D4-BFCA-4E11-9435-917FC752B555}"
EndProject
Global
	GlobalSection(SolutionConfigurationPlatforms) = preSolution
		Debug|Any CPU = Debug|Any CPU
		Release|Any CPU = Release|Any CPU
	EndGlobalSection
	GlobalSection(ProjectConfigurationPlatforms) = postSolution
		{AEB6F5D4-BFCA-4E11-9435-917FC752B555}.Debug|Any CPU.ActiveCfg = Debug|Any CPU
		{AEB6F5D4-BFCA-4E11-9435-917FC752B555}.Debug|Any CPU.Build.0 = Debug|Any CPU
		{AEB6F5D4-BFCA-4E11-9435-917FC752B555}.Release|Any CPU.ActiveCfg = Release|Any CPU
		{AEB6F5D4-BFCA-4E11-9435-917FC752B555}.Release|Any CPU.Build.0 = Release|Any CPU
	EndGlobalSection
	GlobalSection(SolutionProperties) = preSolution
		HideSolutionNode = FALSE
	EndGlobalSection
	GlobalSection(ExtensibilityGlobals) = postSolution
		SolutionGuid = {676578A4-3E5C-4329-A5CE-E41A9A92D498}
	EndGlobalSection
EndGlobal
